
Microsoft Visual Studio Solution File, Format Version 12.00
# Visual Studio Version 16
VisualStudioVersion = 16.0.31702.278
MinimumVisualStudioVersion = 10.0.40219.1
Project("{FAE04EC0-301F-11D3-BF4B-00C04F79EFBC}") = "JavaPassport", "JavaPassport\JavaPassport.csproj", "{37F155F5-9F16-4D0A-B98E-31606CD408EE}"
EndProject
Global
	GlobalSection(SolutionConfigurationPlatforms) = preSolution
		Debug|Any CPU = Debug|Any CPU
		Release|Any CPU = Release|Any CPU
	EndGlobalSection
	GlobalSection(ProjectConfigurationPlatforms) = postSolution
		{37F155F5-9F16-4D0A-B98E-31606CD408EE}.Debug|Any CPU.ActiveCfg = Debug|Any CPU
		{37F155F5-9F16-4D0A-B98E-31606CD408EE}.Debug|Any CPU.Build.0 = Debug|Any CPU
		{37F155F5-9F16-4D0A-B98E-31606CD408EE}.Release|Any CPU.ActiveCfg = Release|Any CPU
		{37F155F5-9F16-4D0A-B98E-31606CD408EE}.Release|Any CPU.Build.0 = Release|Any CPU
	EndGlobalSection
	GlobalSection(SolutionProperties) = preSolution
		HideSolutionNode = FALSE
	EndGlobalSection
	GlobalSection(ExtensibilityGlobals) = postSolution
		SolutionGuid = {017F5D3B-9C81-47E8-9CBA-61814F35C1F6}
	EndGlobalSection
EndGlobal
